// !$*UTF8*$!
{
	archiveVersion = 1;
	classes = {
	};
	objectVersion = 46;
	objects = {

/* Begin PBXBuildFile section */
		EA69F8991DC7DA96005885AA /* AppDelegate.swift in Sources */ = {isa = PBXBuildFile; fileRef = EA69F8981DC7DA96005885AA /* AppDelegate.swift */; };
		EA69F89B1DC7DA96005885AA /* ViewController.swift in Sources */ = {isa = PBXBuildFile; fileRef = EA69F89A1DC7DA96005885AA /* ViewController.swift */; };
		EA69F89D1DC7DA96005885AA /* Assets.xcassets in Resources */ = {isa = PBXBuildFile; fileRef = EA69F89C1DC7DA96005885AA /* Assets.xcassets */; };
		EA69F8A01DC7DA96005885AA /* Main.storyboard in Resources */ = {isa = PBXBuildFile; fileRef = EA69F89E1DC7DA96005885AA /* Main.storyboard */; };
		EA69F8AB1DC7DA96005885AA /* TouchBarSpikeTests.swift in Sources */ = {isa = PBXBuildFile; fileRef = EA69F8AA1DC7DA96005885AA /* TouchBarSpikeTests.swift */; };
/* End PBXBuildFile section */

/* Begin PBXContainerItemProxy section */
		EA69F8A71DC7DA96005885AA /* PBXContainerItemProxy */ = {
			isa = PBXContainerItemProxy;
			containerPortal = EA69F88D1DC7DA96005885AA /* Project object */;
			proxyType = 1;
			remoteGlobalIDString = EA69F8941DC7DA96005885AA;
			remoteInfo = TouchBarSpike;
		};
/* End PBXContainerItemProxy section */

/* Begin PBXFileReference section */
		EA69F8951DC7DA96005885AA /* TouchBarSpike.app */ = {isa = PBXFileReference; explicitFileType = wrapper.application; includeInIndex = 0; path = TouchBarSpike.app; sourceTree = BUILT_PRODUCTS_DIR; };
		EA69F8981DC7DA96005885AA /* AppDelegate.swift */ = {isa = PBXFileReference; lastKnownFileType = sourcecode.swift; path = AppDelegate.swift; sourceTree = "<group>"; };
		EA69F89A1DC7DA96005885AA /* ViewController.swift */ = {isa = PBXFileReference; lastKnownFileType = sourcecode.swift; path = ViewController.swift; sourceTree = "<group>"; };
		EA69F89C1DC7DA96005885AA /* Assets.xcassets */ = {isa = PBXFileReference; lastKnownFileType = folder.assetcatalog; path = Assets.xcassets; sourceTree = "<group>"; };
		EA69F89F1DC7DA96005885AA /* Base */ = {isa = PBXFileReference; lastKnownFileType = file.storyboard; name = Base; path = Base.lproj/Main.storyboard; sourceTree = "<group>"; };
		EA69F8A11DC7DA96005885AA /* Info.plist */ = {isa = PBXFileReference; lastKnownFileType = text.plist.xml; path = Info.plist; sourceTree = "<group>"; };
		EA69F8A61DC7DA96005885AA /* TouchBarSpikeTests.xctest */ = {isa = PBXFileReference; explicitFileType = wrapper.cfbundle; includeInIndex = 0; path = TouchBarSpikeTests.xctest; sourceTree = BUILT_PRODUCTS_DIR; };
		EA69F8AA1DC7DA96005885AA /* TouchBarSpikeTests.swift */ = {isa = PBXFileReference; lastKnownFileType = sourcecode.swift; path = TouchBarSpikeTests.swift; sourceTree = "<group>"; };
		EA69F8AC1DC7DA96005885AA /* Info.plist */ = {isa = PBXFileReference; lastKnownFileType = text.plist.xml; path = Info.plist; sourceTree = "<group>"; };
/* End PBXFileReference section */

/* Begin PBXFrameworksBuildPhase section */
		EA69F8921DC7DA96005885AA /* Frameworks */ = {
			isa = PBXFrameworksBuildPhase;
			buildActionMask = 2147483647;
			files = (
			);
			runOnlyForDeploymentPostprocessing = 0;
		};
		EA69F8A31DC7DA96005885AA /* Frameworks */ = {
			isa = PBXFrameworksBuildPhase;
			buildActionMask = 2147483647;
			files = (
			);
			runOnlyForDeploymentPostprocessing = 0;
		};
/* End PBXFrameworksBuildPhase section */

/* Begin PBXGroup section */
		EA69F88C1DC7DA96005885AA = {
			isa = PBXGroup;
			children = (
				EA69F8971DC7DA96005885AA /* TouchBarSpike */,
				EA69F8A91DC7DA96005885AA /* TouchBarSpikeTests */,
				EA69F8961DC7DA96005885AA /* Products */,
			);
			sourceTree = "<group>";
		};
		EA69F8961DC7DA96005885AA /* Products */ = {
			isa = PBXGroup;
			children = (
				EA69F8951DC7DA96005885AA /* TouchBarSpike.app */,
				EA69F8A61DC7DA96005885AA /* TouchBarSpikeTests.xctest */,
			);
			name = Products;
			sourceTree = "<group>";
		};
		EA69F8971DC7DA96005885AA /* TouchBarSpike */ = {
			isa = PBXGroup;
			children = (
				EA69F8981DC7DA96005885AA /* AppDelegate.swift */,
				EA69F89A1DC7DA96005885AA /* ViewController.swift */,
				EA69F89C1DC7DA96005885AA /* Assets.xcassets */,
				EA69F89E1DC7DA96005885AA /* Main.storyboard */,
				EA69F8A11DC7DA96005885AA /* Info.plist */,
			);
			path = TouchBarSpike;
			sourceTree = "<group>";
		};
		EA69F8A91DC7DA96005885AA /* TouchBarSpikeTests */ = {
			isa = PBXGroup;
			children = (
				EA69F8AA1DC7DA96005885AA /* TouchBarSpikeTests.swift */,
				EA69F8AC1DC7DA96005885AA /* Info.plist */,
			);
			path = TouchBarSpikeTests;
			sourceTree = "<group>";
		};
/* End PBXGroup section */

/* Begin PBXNativeTarget section */
		EA69F8941DC7DA96005885AA /* TouchBarSpike */ = {
			isa = PBXNativeTarget;
			buildConfigurationList = EA69F8AF1DC7DA96005885AA /* Build configuration list for PBXNativeTarget "TouchBarSpike" */;
			buildPhases = (
				EA69F8911DC7DA96005885AA /* Sources */,
				EA69F8921DC7DA96005885AA /* Frameworks */,
				EA69F8931DC7DA96005885AA /* Resources */,
			);
			buildRules = (
			);
			dependencies = (
			);
			name = TouchBarSpike;
			productName = TouchBarSpike;
			productReference = EA69F8951DC7DA96005885AA /* TouchBarSpike.app */;
			productType = "com.apple.product-type.application";
		};
		EA69F8A51DC7DA96005885AA /* TouchBarSpikeTests */ = {
			isa = PBXNativeTarget;
			buildConfigurationList = EA69F8B21DC7DA96005885AA /* Build configuration list for PBXNativeTarget "TouchBarSpikeTests" */;
			buildPhases = (
				EA69F8A21DC7DA96005885AA /* Sources */,
				EA69F8A31DC7DA96005885AA /* Frameworks */,
				EA69F8A41DC7DA96005885AA /* Resources */,
			);
			buildRules = (
			);
			dependencies = (
				EA69F8A81DC7DA96005885AA /* PBXTargetDependency */,
			);
			name = TouchBarSpikeTests;
			productName = TouchBarSpikeTests;
			productReference = EA69F8A61DC7DA96005885AA /* TouchBarSpikeTests.xctest */;
			productType = "com.apple.product-type.bundle.unit-test";
		};
/* End PBXNativeTarget section */

/* Begin PBXProject section */
		EA69F88D1DC7DA96005885AA /* Project object */ = {
			isa = PBXProject;
			attributes = {
				LastSwiftUpdateCheck = 0810;
				LastUpgradeCheck = 0810;
				ORGANIZATIONNAME = elit;
				TargetAttributes = {
					EA69F8941DC7DA96005885AA = {
						CreatedOnToolsVersion = 8.1;
						DevelopmentTeam = 4C34FT6ABU;
						ProvisioningStyle = Automatic;
					};
					EA69F8A51DC7DA96005885AA = {
						CreatedOnToolsVersion = 8.1;
						DevelopmentTeam = 4C34FT6ABU;
						ProvisioningStyle = Automatic;
						TestTargetID = EA69F8941DC7DA96005885AA;
					};
				};
			};
			buildConfigurationList = EA69F8901DC7DA96005885AA /* Build configuration list for PBXProject "TouchBarSpike" */;
			compatibilityVersion = "Xcode 3.2";
			developmentRegion = English;
			hasScannedForEncodings = 0;
			knownRegions = (
				en,
				Base,
			);
			mainGroup = EA69F88C1DC7DA96005885AA;
			productRefGroup = EA69F8961DC7DA96005885AA /* Products */;
			projectDirPath = "";
			projectRoot = "";
			targets = (
				EA69F8941DC7DA96005885AA /* TouchBarSpike */,
				EA69F8A51DC7DA96005885AA /* TouchBarSpikeTests */,
			);
		};
/* End PBXProject section */

/* Begin PBXResourcesBuildPhase section */
		EA69F8931DC7DA96005885AA /* Resources */ = {
			isa = PBXResourcesBuildPhase;
			buildActionMask = 2147483647;
			files = (
				EA69F89D1DC7DA96005885AA /* Assets.xcassets in Resources */,
				EA69F8A01DC7DA96005885AA /* Main.storyboard in Resources */,
			);
			runOnlyForDeploymentPostprocessing = 0;
		};
		EA69F8A41DC7DA96005885AA /* Resources */ = {
			isa = PBXResourcesBuildPhase;
			buildActionMask = 2147483647;
			files = (
			);
			runOnlyForDeploymentPostprocessing = 0;
		};
/* End PBXResourcesBuildPhase section */

/* Begin PBXSourcesBuildPhase section */
		EA69F8911DC7DA96005885AA /* Sources */ = {
			isa = PBXSourcesBuildPhase;
			buildActionMask = 2147483647;
			files = (
				EA69F89B1DC7DA96005885AA /* ViewController.swift in Sources */,
				EA69F8991DC7DA96005885AA /* AppDelegate.swift in Sources */,
			);
			runOnlyForDeploymentPostprocessing = 0;
		};
		EA69F8A21DC7DA96005885AA /* Sources */ = {
			isa = PBXSourcesBuildPhase;
			buildActionMask = 2147483647;
			files = (
				EA69F8AB1DC7DA96005885AA /* TouchBarSpikeTests.swift in Sources */,
			);
			runOnlyForDeploymentPostprocessing = 0;
		};
/* End PBXSourcesBuildPhase section */

/* Begin PBXTargetDependency section */
		EA69F8A81DC7DA96005885AA /* PBXTargetDependency */ = {
			isa = PBXTargetDependency;
			target = EA69F8941DC7DA96005885AA /* TouchBarSpike */;
			targetProxy = EA69F8A71DC7DA96005885AA /* PBXContainerItemProxy */;
		};
/* End PBXTargetDependency section */

/* Begin PBXVariantGroup section */
		EA69F89E1DC7DA96005885AA /* Main.storyboard */ = {
			isa = PBXVariantGroup;
			children = (
				EA69F89F1DC7DA96005885AA /* Base */,
			);
			name = Main.storyboard;
			sourceTree = "<group>";
		};
/* End PBXVariantGroup section */

/* Begin XCBuildConfiguration section */
		EA69F8AD1DC7DA96005885AA /* Debug */ = {
			isa = XCBuildConfiguration;
			buildSettings = {
				ALWAYS_SEARCH_USER_PATHS = NO;
				CLANG_ANALYZER_NONNULL = YES;
				CLANG_CXX_LANGUAGE_STANDARD = "gnu++0x";
				CLANG_CXX_LIBRARY = "libc++";
				CLANG_ENABLE_MODULES = YES;
				CLANG_ENABLE_OBJC_ARC = YES;
				CLANG_WARN_BOOL_CONVERSION = YES;
				CLANG_WARN_CONSTANT_CONVERSION = YES;
				CLANG_WARN_DIRECT_OBJC_ISA_USAGE = YES_ERROR;
				CLANG_WARN_DOCUMENTATION_COMMENTS = YES;
				CLANG_WARN_EMPTY_BODY = YES;
				CLANG_WARN_ENUM_CONVERSION = YES;
				CLANG_WARN_INFINITE_RECURSION = YES;
				CLANG_WARN_INT_CONVERSION = YES;
				CLANG_WARN_OBJC_ROOT_CLASS = YES_ERROR;
				CLANG_WARN_SUSPICIOUS_MOVES = YES;
				CLANG_WARN_UNREACHABLE_CODE = YES;
				CLANG_WARN__DUPLICATE_METHOD_MATCH = YES;
				CODE_SIGN_IDENTITY = "-";
				COPY_PHASE_STRIP = NO;
				DEBUG_INFORMATION_FORMAT = dwarf;
				ENABLE_STRICT_OBJC_MSGSEND = YES;
				ENABLE_TESTABILITY = YES;
				GCC_C_LANGUAGE_STANDARD = gnu99;
				GCC_DYNAMIC_NO_PIC = NO;
				GCC_NO_COMMON_BLOCKS = YES;
				GCC_OPTIMIZATION_LEVEL = 0;
				GCC_PREPROCESSOR_DEFINITIONS = (
					"DEBUG=1",
					"$(inherited)",
				);
				GCC_WARN_64_TO_32_BIT_CONVERSION = YES;
				GCC_WARN_ABOUT_RETURN_TYPE = YES_ERROR;
				GCC_WARN_UNDECLARED_SELECTOR = YES;
				GCC_WARN_UNINITIALIZED_AUTOS = YES_AGGRESSIVE;
				GCC_WARN_UNUSED_FUNCTION = YES;
				GCC_WARN_UNUSED_VARIABLE = YES;
				MACOSX_DEPLOYMENT_TARGET = 10.12;
				MTL_ENABLE_DEBUG_INFO = YES;
				ONLY_ACTIVE_ARCH = YES;
				SDKROOT = macosx;
				SWIFT_ACTIVE_COMPILATION_CONDITIONS = DEBUG;
				SWIFT_OPTIMIZATION_LEVEL = "-Onone";
			};
			name = Debug;
		};
		EA69F8AE1DC7DA96005885AA /* Release */ = {
			isa = XCBuildConfiguration;
			buildSettings = {
				ALWAYS_SEARCH_USER_PATHS = NO;
				CLANG_ANALYZER_NONNULL = YES;
				CLANG_CXX_LANGUAGE_STANDARD = "gnu++0x";
				CLANG_CXX_LIBRARY = "libc++";
				CLANG_ENABLE_MODULES = YES;
				CLANG_ENABLE_OBJC_ARC = YES;
				CLANG_WARN_BOOL_CONVERSION = YES;
				CLANG_WARN_CONSTANT_CONVERSION = YES;
				CLANG_WARN_DIRECT_OBJC_ISA_USAGE = YES_ERROR;
				CLANG_WARN_DOCUMENTATION_COMMENTS = YES;
				CLANG_WARN_EMPTY_BODY = YES;
				CLANG_WARN_ENUM_CONVERSION = YES;
				CLANG_WARN_INFINITE_RECURSION = YES;
				CLANG_WARN_INT_CONVERSION = YES;
				CLANG_WARN_OBJC_ROOT_CLASS = YES_ERROR;
				CLANG_WARN_SUSPICIOUS_MOVES = YES;
				CLANG_WARN_UNREACHABLE_CODE = YES;
				CLANG_WARN__DUPLICATE_METHOD_MATCH = YES;
				CODE_SIGN_IDENTITY = "-";
				COPY_PHASE_STRIP = NO;
				DEBUG_INFORMATION_FORMAT = "dwarf-with-dsym";
				ENABLE_NS_ASSERTIONS = NO;
				ENABLE_STRICT_OBJC_MSGSEND = YES;
				GCC_C_LANGUAGE_STANDARD = gnu99;
				GCC_NO_COMMON_BLOCKS = YES;
				GCC_WARN_64_TO_32_BIT_CONVERSION = YES;
				GCC_WARN_ABOUT_RETURN_TYPE = YES_ERROR;
				GCC_WARN_UNDECLARED_SELECTOR = YES;
				GCC_WARN_UNINITIALIZED_AUTOS = YES_AGGRESSIVE;
				GCC_WARN_UNUSED_FUNCTION = YES;
				GCC_WARN_UNUSED_VARIABLE = YES;
				MACOSX_DEPLOYMENT_TARGET = 10.12;
				MTL_ENABLE_DEBUG_INFO = NO;
				SDKROOT = macosx;
				SWIFT_OPTIMIZATION_LEVEL = "-Owholemodule";
			};
			name = Release;
		};
		EA69F8B01DC7DA96005885AA /* Debug */ = {
			isa = XCBuildConfiguration;
			buildSettings = {
				ASSETCATALOG_COMPILER_APPICON_NAME = AppIcon;
				COMBINE_HIDPI_IMAGES = YES;
				DEVELOPMENT_TEAM = 4C34FT6ABU;
				INFOPLIST_FILE = TouchBarSpike/Info.plist;
				LD_RUNPATH_SEARCH_PATHS = "$(inherited) @executable_path/../Frameworks";
				PRODUCT_BUNDLE_IDENTIFIER = com.elit.TouchBarSpike;
				PRODUCT_NAME = "$(TARGET_NAME)";
				SWIFT_VERSION = 3.0;
			};
			name = Debug;
		};
		EA69F8B11DC7DA96005885AA /* Release */ = {
			isa = XCBuildConfiguration;
			buildSettings = {
				ASSETCATALOG_COMPILER_APPICON_NAME = AppIcon;
				COMBINE_HIDPI_IMAGES = YES;
				DEVELOPMENT_TEAM = 4C34FT6ABU;
				INFOPLIST_FILE = TouchBarSpike/Info.plist;
				LD_RUNPATH_SEARCH_PATHS = "$(inherited) @executable_path/../Frameworks";
				PRODUCT_BUNDLE_IDENTIFIER = com.elit.TouchBarSpike;
				PRODUCT_NAME = "$(TARGET_NAME)";
				SWIFT_VERSION = 3.0;
			};
			name = Release;
		};
		EA69F8B31DC7DA96005885AA /* Debug */ = {
			isa = XCBuildConfiguration;
			buildSettings = {
				ALWAYS_EMBED_SWIFT_STANDARD_LIBRARIES = YES;
				BUNDLE_LOADER = "$(TEST_HOST)";
				COMBINE_HIDPI_IMAGES = YES;
				DEVELOPMENT_TEAM = 4C34FT6ABU;
				INFOPLIST_FILE = TouchBarSpikeTests/Info.plist;
				LD_RUNPATH_SEARCH_PATHS = "$(inherited) @executable_path/../Frameworks @loader_path/../Frameworks";
				PRODUCT_BUNDLE_IDENTIFIER = com.elit.TouchBarSpikeTests;
				PRODUCT_NAME = "$(TARGET_NAME)";
				SWIFT_VERSION = 3.0;
				TEST_HOST = "$(BUILT_PRODUCTS_DIR)/TouchBarSpike.app/Contents/MacOS/TouchBarSpike";
			};
			name = Debug;
		};
		EA69F8B41DC7DA96005885AA /* Release */ = {
			isa = XCBuildConfiguration;
			buildSettings = {
				ALWAYS_EMBED_SWIFT_STANDARD_LIBRARIES = YES;
				BUNDLE_LOADER = "$(TEST_HOST)";
				COMBINE_HIDPI_IMAGES = YES;
				DEVELOPMENT_TEAM = 4C34FT6ABU;
				INFOPLIST_FILE = TouchBarSpikeTests/Info.plist;
				LD_RUNPATH_SEARCH_PATHS = "$(inherited) @executable_path/../Frameworks @loader_path/../Frameworks";
				PRODUCT_BUNDLE_IDENTIFIER = com.elit.TouchBarSpikeTests;
				PRODUCT_NAME = "$(TARGET_NAME)";
				SWIFT_VERSION = 3.0;
				TEST_HOST = "$(BUILT_PRODUCTS_DIR)/TouchBarSpike.app/Contents/MacOS/TouchBarSpike";
			};
			name = Release;
		};
/* End XCBuildConfiguration section */

/* Begin XCConfigurationList section */
		EA69F8901DC7DA96005885AA /* Build configuration list for PBXProject "TouchBarSpike" */ = {
			isa = XCConfigurationList;
			buildConfigurations = (
				EA69F8AD1DC7DA96005885AA /* Debug */,
				EA69F8AE1DC7DA96005885AA /* Release */,
			);
			defaultConfigurationIsVisible = 0;
			defaultConfigurationName = Release;
		};
		EA69F8AF1DC7DA96005885AA /* Build configuration list for PBXNativeTarget "TouchBarSpike" */ = {
			isa = XCConfigurationList;
			buildConfigurations = (
				EA69F8B01DC7DA96005885AA /* Debug */,
				EA69F8B11DC7DA96005885AA /* Release */,
			);
			defaultConfigurationIsVisible = 0;
		};
		EA69F8B21DC7DA96005885AA /* Build configuration list for PBXNativeTarget "TouchBarSpikeTests" */ = {
			isa = XCConfigurationList;
			buildConfigurations = (
				EA69F8B31DC7DA96005885AA /* Debug */,
				EA69F8B41DC7DA96005885AA /* Release */,
			);
			defaultConfigurationIsVisible = 0;
		};
/* End XCConfigurationList section */
	};
	rootObject = EA69F88D1DC7DA96005885AA /* Project object */;
}
